
Microsoft Visual Studio Solution File, Format Version 12.00
# Visual Studio Version 17
VisualStudioVersion = 17.13.35825.156 d17.13
MinimumVisualStudioVersion = 10.0.40219.1
Project("{FAE04EC0-301F-11D3-BF4B-00C04F79EFBC}") = "HospitalManagementSystem", "HospitalManagementSystem.csproj", "{69E6C4D5-43BA-46B1-B247-FBD4FD94FFCD}"
EndProject
Global
	GlobalSection(SolutionConfigurationPlatforms) = preSolution
		Debug|Any CPU = Debug|Any CPU
		Release|Any CPU = Release|Any CPU
	EndGlobalSection
	GlobalSection(ProjectConfigurationPlatforms) = postSolution
		{69E6C4D5-43BA-46B1-B247-FBD4FD94FFCD}.Debug|Any CPU.ActiveCfg = Debug|Any CPU
		{69E6C4D5-43BA-46B1-B247-FBD4FD94FFCD}.Debug|Any CPU.Build.0 = Debug|Any CPU
		{69E6C4D5-43BA-46B1-B247-FBD4FD94FFCD}.Release|Any CPU.ActiveCfg = Release|Any CPU
		{69E6C4D5-43BA-46B1-B247-FBD4FD94FFCD}.Release|Any CPU.Build.0 = Release|Any CPU
	EndGlobalSection
	GlobalSection(SolutionProperties) = preSolution
		HideSolutionNode = FALSE
	EndGlobalSection
	GlobalSection(ExtensibilityGlobals) = postSolution
		SolutionGuid = {89730D1F-9A87-4E46-9F29-A9AE17024D40}
	EndGlobalSection
EndGlobal
